{
  "name": "TechLakeCommunity-portal",
  "lockfileVersion": 3,
  "requires": true,
  "packages": {
    "": {
      "dependencies": {
        "livecodes": "^0.14.1"
      }
    },
    "node_modules/livecodes": {
      "version": "0.14.1",
      "resolved": "https://registry.npmmirror.com/livecodes/-/livecodes-0.14.1.tgz",
      "integrity": "sha512-DAPnPNNKV7KNw+l2TkW7zXL2dWMm1Zt39oCKfHQjvIo802HkUlgRcMdMU5pYIWb6j0JfZ4zLYG+UP0u8hKGh1Q==",
      "funding": [
        "https://github.com/sponsors/live-codes",
        "https://github.com/sponsors/hatemhosny",
        "https://ko-fi.com/hatemhosny",
        "https://paypal.me/hatemhosni",
        "https://livecodes.io/docs/sponsor"
      ],
      "license": "MIT"
    }
  }
}
